
Microsoft Visual Studio Solution File, Format Version 12.00
# Visual Studio Version 17
VisualStudioVersion = 17.5.33424.131
MinimumVisualStudioVersion = 10.0.40219.1
Project("{FAE04EC0-301F-11D3-BF4B-00C04F79EFBC}") = "Operator(sizeof)", "Operator(sizeof)\Operator(sizeof).csproj", "{E3328593-1E11-4CDA-AF16-64F78FA56722}"
EndProject
Global
	GlobalSection(SolutionConfigurationPlatforms) = preSolution
		Debug|Any CPU = Debug|Any CPU
		Release|Any CPU = Release|Any CPU
	EndGlobalSection
	GlobalSection(ProjectConfigurationPlatforms) = postSolution
		{E3328593-1E11-4CDA-AF16-64F78FA56722}.Debug|Any CPU.ActiveCfg = Debug|Any CPU
		{E3328593-1E11-4CDA-AF16-64F78FA56722}.Debug|Any CPU.Build.0 = Debug|Any CPU
		{E3328593-1E11-4CDA-AF16-64F78FA56722}.Release|Any CPU.ActiveCfg = Release|Any CPU
		{E3328593-1E11-4CDA-AF16-64F78FA56722}.Release|Any CPU.Build.0 = Release|Any CPU
	EndGlobalSection
	GlobalSection(SolutionProperties) = preSolution
		HideSolutionNode = FALSE
	EndGlobalSection
	GlobalSection(ExtensibilityGlobals) = postSolution
		SolutionGuid = {1DBE20F8-F09F-433E-9056-FF5C562BA495}
	EndGlobalSection
EndGlobal
