
Microsoft Visual Studio Solution File, Format Version 12.00
# Visual Studio Version 17
VisualStudioVersion = 17.5.33502.453
MinimumVisualStudioVersion = 10.0.40219.1
Project("{FAE04EC0-301F-11D3-BF4B-00C04F79EFBC}") = "Delegate3", "Delegate3\Delegate3.csproj", "{A919D379-2780-46B3-B933-87EAE3E8ABAF}"
EndProject
Global
	GlobalSection(SolutionConfigurationPlatforms) = preSolution
		Debug|Any CPU = Debug|Any CPU
		Release|Any CPU = Release|Any CPU
	EndGlobalSection
	GlobalSection(ProjectConfigurationPlatforms) = postSolution
		{A919D379-2780-46B3-B933-87EAE3E8ABAF}.Debug|Any CPU.ActiveCfg = Debug|Any CPU
		{A919D379-2780-46B3-B933-87EAE3E8ABAF}.Debug|Any CPU.Build.0 = Debug|Any CPU
		{A919D379-2780-46B3-B933-87EAE3E8ABAF}.Release|Any CPU.ActiveCfg = Release|Any CPU
		{A919D379-2780-46B3-B933-87EAE3E8ABAF}.Release|Any CPU.Build.0 = Release|Any CPU
	EndGlobalSection
	GlobalSection(SolutionProperties) = preSolution
		HideSolutionNode = FALSE
	EndGlobalSection
	GlobalSection(ExtensibilityGlobals) = postSolution
		SolutionGuid = {93E845A7-220C-412F-ADF3-79E3B5BE43E4}
	EndGlobalSection
EndGlobal
