
Microsoft Visual Studio Solution File, Format Version 12.00
# Visual Studio Version 17
VisualStudioVersion = 17.5.33502.453
MinimumVisualStudioVersion = 10.0.40219.1
Project("{FAE04EC0-301F-11D3-BF4B-00C04F79EFBC}") = "DataMember2(property)", "DataMember2(property)\DataMember2(property).csproj", "{8C2AB6BA-3984-4282-9A55-11B069E56C83}"
EndProject
Global
	GlobalSection(SolutionConfigurationPlatforms) = preSolution
		Debug|Any CPU = Debug|Any CPU
		Release|Any CPU = Release|Any CPU
	EndGlobalSection
	GlobalSection(ProjectConfigurationPlatforms) = postSolution
		{8C2AB6BA-3984-4282-9A55-11B069E56C83}.Debug|Any CPU.ActiveCfg = Debug|Any CPU
		{8C2AB6BA-3984-4282-9A55-11B069E56C83}.Debug|Any CPU.Build.0 = Debug|Any CPU
		{8C2AB6BA-3984-4282-9A55-11B069E56C83}.Release|Any CPU.ActiveCfg = Release|Any CPU
		{8C2AB6BA-3984-4282-9A55-11B069E56C83}.Release|Any CPU.Build.0 = Release|Any CPU
	EndGlobalSection
	GlobalSection(SolutionProperties) = preSolution
		HideSolutionNode = FALSE
	EndGlobalSection
	GlobalSection(ExtensibilityGlobals) = postSolution
		SolutionGuid = {E97C38BB-D43F-4B3F-B6A5-2D07E722B4DD}
	EndGlobalSection
EndGlobal
