
Microsoft Visual Studio Solution File, Format Version 12.00
# Visual Studio Version 17
VisualStudioVersion = 17.5.33424.131
MinimumVisualStudioVersion = 10.0.40219.1
Project("{FAE04EC0-301F-11D3-BF4B-00C04F79EFBC}") = "Operator(一元)", "Operator(一元)\Operator(一元).csproj", "{C1E8EA43-9C40-4FFF-8A39-FF71019030D8}"
EndProject
Global
	GlobalSection(SolutionConfigurationPlatforms) = preSolution
		Debug|Any CPU = Debug|Any CPU
		Release|Any CPU = Release|Any CPU
	EndGlobalSection
	GlobalSection(ProjectConfigurationPlatforms) = postSolution
		{C1E8EA43-9C40-4FFF-8A39-FF71019030D8}.Debug|Any CPU.ActiveCfg = Debug|Any CPU
		{C1E8EA43-9C40-4FFF-8A39-FF71019030D8}.Debug|Any CPU.Build.0 = Debug|Any CPU
		{C1E8EA43-9C40-4FFF-8A39-FF71019030D8}.Release|Any CPU.ActiveCfg = Release|Any CPU
		{C1E8EA43-9C40-4FFF-8A39-FF71019030D8}.Release|Any CPU.Build.0 = Release|Any CPU
	EndGlobalSection
	GlobalSection(SolutionProperties) = preSolution
		HideSolutionNode = FALSE
	EndGlobalSection
	GlobalSection(ExtensibilityGlobals) = postSolution
		SolutionGuid = {EFEA413F-EB35-4614-9B6C-CBE32763D553}
	EndGlobalSection
EndGlobal
